// !$*UTF8*$!
{
	archiveVersion = 1;
	classes = {
	};
	objectVersion = 56;
	objects = {

/* Begin PBXBuildFile section */
		9538564B2C35A0E0001B4981 /* MessageComposer.swift in Sources */ = {isa = PBXBuildFile; fileRef = 9538564A2C35A0E0001B4981 /* MessageComposer.swift */; };
		954289402C342ACA007B0F94 /* Preview Assets.xcassets in Resources */ = {isa = PBXBuildFile; fileRef = 954289372C342ACA007B0F94 /* Preview Assets.xcassets */; };
		954289412C342ACA007B0F94 /* Assets.xcassets in Resources */ = {isa = PBXBuildFile; fileRef = 954289392C342ACA007B0F94 /* Assets.xcassets */; };
		954289422C342ACA007B0F94 /* EchoChatApp.swift in Sources */ = {isa = PBXBuildFile; fileRef = 9542893A2C342ACA007B0F94 /* EchoChatApp.swift */; };
		954289432C342ACA007B0F94 /* ContentView.swift in Sources */ = {isa = PBXBuildFile; fileRef = 9542893B2C342ACA007B0F94 /* ContentView.swift */; };
		954289442C342ACA007B0F94 /* Message.swift in Sources */ = {isa = PBXBuildFile; fileRef = 9542893C2C342ACA007B0F94 /* Message.swift */; };
		954289452C342ACA007B0F94 /* Postman.swift in Sources */ = {isa = PBXBuildFile; fileRef = 9542893D2C342ACA007B0F94 /* Postman.swift */; };
		954289462C342ACA007B0F94 /* ViewModel.swift in Sources */ = {isa = PBXBuildFile; fileRef = 9542893E2C342ACA007B0F94 /* ViewModel.swift */; };
		95EE9EB72C36E546002C7B12 /* README.md in Resources */ = {isa = PBXBuildFile; fileRef = 95EE9EB52C36E546002C7B12 /* README.md */; };
		95EE9EB82C36E546002C7B12 /* LICENSE in Resources */ = {isa = PBXBuildFile; fileRef = 95EE9EB62C36E546002C7B12 /* LICENSE */; };
		95F8FFAF2C3439D4000865F4 /* MessageRow.swift in Sources */ = {isa = PBXBuildFile; fileRef = 95F8FFAE2C3439D4000865F4 /* MessageRow.swift */; };
/* End PBXBuildFile section */

/* Begin PBXFileReference section */
		9517784A2C32FA920033136A /* EchoChat.app */ = {isa = PBXFileReference; explicitFileType = wrapper.application; includeInIndex = 0; path = EchoChat.app; sourceTree = BUILT_PRODUCTS_DIR; };
		9538564A2C35A0E0001B4981 /* MessageComposer.swift */ = {isa = PBXFileReference; lastKnownFileType = sourcecode.swift; path = MessageComposer.swift; sourceTree = "<group>"; };
		954289372C342ACA007B0F94 /* Preview Assets.xcassets */ = {isa = PBXFileReference; lastKnownFileType = folder.assetcatalog; path = "Preview Assets.xcassets"; sourceTree = "<group>"; };
		954289392C342ACA007B0F94 /* Assets.xcassets */ = {isa = PBXFileReference; lastKnownFileType = folder.assetcatalog; path = Assets.xcassets; sourceTree = "<group>"; };
		9542893A2C342ACA007B0F94 /* EchoChatApp.swift */ = {isa = PBXFileReference; fileEncoding = 4; lastKnownFileType = sourcecode.swift; path = EchoChatApp.swift; sourceTree = "<group>"; };
		9542893B2C342ACA007B0F94 /* ContentView.swift */ = {isa = PBXFileReference; fileEncoding = 4; lastKnownFileType = sourcecode.swift; path = ContentView.swift; sourceTree = "<group>"; };
		9542893C2C342ACA007B0F94 /* Message.swift */ = {isa = PBXFileReference; fileEncoding = 4; lastKnownFileType = sourcecode.swift; path = Message.swift; sourceTree = "<group>"; };
		9542893D2C342ACA007B0F94 /* Postman.swift */ = {isa = PBXFileReference; fileEncoding = 4; lastKnownFileType = sourcecode.swift; path = Postman.swift; sourceTree = "<group>"; };
		9542893E2C342ACA007B0F94 /* ViewModel.swift */ = {isa = PBXFileReference; fileEncoding = 4; lastKnownFileType = sourcecode.swift; path = ViewModel.swift; sourceTree = "<group>"; };
		95EE9EB52C36E546002C7B12 /* README.md */ = {isa = PBXFileReference; fileEncoding = 4; lastKnownFileType = net.daringfireball.markdown; path = README.md; sourceTree = "<group>"; };
		95EE9EB62C36E546002C7B12 /* LICENSE */ = {isa = PBXFileReference; fileEncoding = 4; lastKnownFileType = text; path = LICENSE; sourceTree = "<group>"; };
		95F8FFAE2C3439D4000865F4 /* MessageRow.swift */ = {isa = PBXFileReference; lastKnownFileType = sourcecode.swift; path = MessageRow.swift; sourceTree = "<group>"; };
/* End PBXFileReference section */

/* Begin PBXFrameworksBuildPhase section */
		951778472C32FA920033136A /* Frameworks */ = {
			isa = PBXFrameworksBuildPhase;
			buildActionMask = 2147483647;
			files = (
			);
			runOnlyForDeploymentPostprocessing = 0;
		};
/* End PBXFrameworksBuildPhase section */

/* Begin PBXGroup section */
		951778412C32FA920033136A = {
			isa = PBXGroup;
			children = (
				95EE9EB62C36E546002C7B12 /* LICENSE */,
				95EE9EB52C36E546002C7B12 /* README.md */,
				9542893F2C342ACA007B0F94 /* EchoChat */,
				9517784B2C32FA920033136A /* Products */,
			);
			sourceTree = "<group>";
		};
		9517784B2C32FA920033136A /* Products */ = {
			isa = PBXGroup;
			children = (
				9517784A2C32FA920033136A /* EchoChat.app */,
			);
			name = Products;
			sourceTree = "<group>";
		};
		954289382C342ACA007B0F94 /* Preview Content */ = {
			isa = PBXGroup;
			children = (
				954289372C342ACA007B0F94 /* Preview Assets.xcassets */,
			);
			path = "Preview Content";
			sourceTree = "<group>";
		};
		9542893F2C342ACA007B0F94 /* EchoChat */ = {
			isa = PBXGroup;
			children = (
				9542893A2C342ACA007B0F94 /* EchoChatApp.swift */,
				9542893B2C342ACA007B0F94 /* ContentView.swift */,
				9538564A2C35A0E0001B4981 /* MessageComposer.swift */,
				95F8FFAE2C3439D4000865F4 /* MessageRow.swift */,
				9542893E2C342ACA007B0F94 /* ViewModel.swift */,
				9542893D2C342ACA007B0F94 /* Postman.swift */,
				9542893C2C342ACA007B0F94 /* Message.swift */,
				954289392C342ACA007B0F94 /* Assets.xcassets */,
				954289382C342ACA007B0F94 /* Preview Content */,
			);
			path = EchoChat;
			sourceTree = "<group>";
		};
/* End PBXGroup section */

/* Begin PBXNativeTarget section */
		951778492C32FA920033136A /* EchoChat */ = {
			isa = PBXNativeTarget;
			buildConfigurationList = 951778582C32FA930033136A /* Build configuration list for PBXNativeTarget "EchoChat" */;
			buildPhases = (
				951778462C32FA920033136A /* Sources */,
				951778472C32FA920033136A /* Frameworks */,
				951778482C32FA920033136A /* Resources */,
			);
			buildRules = (
			);
			dependencies = (
			);
			name = EchoChat;
			productName = Chat;
			productReference = 9517784A2C32FA920033136A /* EchoChat.app */;
			productType = "com.apple.product-type.application";
		};
/* End PBXNativeTarget section */

/* Begin PBXProject section */
		951778422C32FA920033136A /* Project object */ = {
			isa = PBXProject;
			attributes = {
				BuildIndependentTargetsInParallel = 1;
				LastSwiftUpdateCheck = 1540;
				LastUpgradeCheck = 1540;
				TargetAttributes = {
					951778492C32FA920033136A = {
						CreatedOnToolsVersion = 15.4;
					};
				};
			};
			buildConfigurationList = 951778452C32FA920033136A /* Build configuration list for PBXProject "EchoChat" */;
			compatibilityVersion = "Xcode 14.0";
			developmentRegion = en;
			hasScannedForEncodings = 0;
			knownRegions = (
				en,
				Base,
			);
			mainGroup = 951778412C32FA920033136A;
			productRefGroup = 9517784B2C32FA920033136A /* Products */;
			projectDirPath = "";
			projectRoot = "";
			targets = (
				951778492C32FA920033136A /* EchoChat */,
			);
		};
/* End PBXProject section */

/* Begin PBXResourcesBuildPhase section */
		951778482C32FA920033136A /* Resources */ = {
			isa = PBXResourcesBuildPhase;
			buildActionMask = 2147483647;
			files = (
				95EE9EB72C36E546002C7B12 /* README.md in Resources */,
				954289412C342ACA007B0F94 /* Assets.xcassets in Resources */,
				95EE9EB82C36E546002C7B12 /* LICENSE in Resources */,
				954289402C342ACA007B0F94 /* Preview Assets.xcassets in Resources */,
			);
			runOnlyForDeploymentPostprocessing = 0;
		};
/* End PBXResourcesBuildPhase section */

/* Begin PBXSourcesBuildPhase section */
		951778462C32FA920033136A /* Sources */ = {
			isa = PBXSourcesBuildPhase;
			buildActionMask = 2147483647;
			files = (
				954289462C342ACA007B0F94 /* ViewModel.swift in Sources */,
				954289442C342ACA007B0F94 /* Message.swift in Sources */,
				9538564B2C35A0E0001B4981 /* MessageComposer.swift in Sources */,
				95F8FFAF2C3439D4000865F4 /* MessageRow.swift in Sources */,
				954289432C342ACA007B0F94 /* ContentView.swift in Sources */,
				954289452C342ACA007B0F94 /* Postman.swift in Sources */,
				954289422C342ACA007B0F94 /* EchoChatApp.swift in Sources */,
			);
			runOnlyForDeploymentPostprocessing = 0;
		};
/* End PBXSourcesBuildPhase section */

/* Begin XCBuildConfiguration section */
		951778562C32FA930033136A /* Debug */ = {
			isa = XCBuildConfiguration;
			buildSettings = {
				ALWAYS_SEARCH_USER_PATHS = NO;
				ASSETCATALOG_COMPILER_GENERATE_SWIFT_ASSET_SYMBOL_EXTENSIONS = YES;
				CLANG_ANALYZER_NONNULL = YES;
				CLANG_ANALYZER_NUMBER_OBJECT_CONVERSION = YES_AGGRESSIVE;
				CLANG_CXX_LANGUAGE_STANDARD = "gnu++20";
				CLANG_ENABLE_MODULES = YES;
				CLANG_ENABLE_OBJC_ARC = YES;
				CLANG_ENABLE_OBJC_WEAK = YES;
				CLANG_WARN_BLOCK_CAPTURE_AUTORELEASING = YES;
				CLANG_WARN_BOOL_CONVERSION = YES;
				CLANG_WARN_COMMA = YES;
				CLANG_WARN_CONSTANT_CONVERSION = YES;
				CLANG_WARN_DEPRECATED_OBJC_IMPLEMENTATIONS = YES;
				CLANG_WARN_DIRECT_OBJC_ISA_USAGE = YES_ERROR;
				CLANG_WARN_DOCUMENTATION_COMMENTS = YES;
				CLANG_WARN_EMPTY_BODY = YES;
				CLANG_WARN_ENUM_CONVERSION = YES;
				CLANG_WARN_INFINITE_RECURSION = YES;
				CLANG_WARN_INT_CONVERSION = YES;
				CLANG_WARN_NON_LITERAL_NULL_CONVERSION = YES;
				CLANG_WARN_OBJC_IMPLICIT_RETAIN_SELF = YES;
				CLANG_WARN_OBJC_LITERAL_CONVERSION = YES;
				CLANG_WARN_OBJC_ROOT_CLASS = YES_ERROR;
				CLANG_WARN_QUOTED_INCLUDE_IN_FRAMEWORK_HEADER = YES;
				CLANG_WARN_RANGE_LOOP_ANALYSIS = YES;
				CLANG_WARN_STRICT_PROTOTYPES = YES;
				CLANG_WARN_SUSPICIOUS_MOVE = YES;
				CLANG_WARN_UNGUARDED_AVAILABILITY = YES_AGGRESSIVE;
				CLANG_WARN_UNREACHABLE_CODE = YES;
				CLANG_WARN__DUPLICATE_METHOD_MATCH = YES;
				COPY_PHASE_STRIP = NO;
				DEBUG_INFORMATION_FORMAT = dwarf;
				ENABLE_STRICT_OBJC_MSGSEND = YES;
				ENABLE_TESTABILITY = YES;
				ENABLE_USER_SCRIPT_SANDBOXING = YES;
				GCC_C_LANGUAGE_STANDARD = gnu17;
				GCC_DYNAMIC_NO_PIC = NO;
				GCC_NO_COMMON_BLOCKS = YES;
				GCC_OPTIMIZATION_LEVEL = 0;
				GCC_PREPROCESSOR_DEFINITIONS = (
					"DEBUG=1",
					"$(inherited)",
				);
				GCC_WARN_64_TO_32_BIT_CONVERSION = YES;
				GCC_WARN_ABOUT_RETURN_TYPE = YES_ERROR;
				GCC_WARN_UNDECLARED_SELECTOR = YES;
				GCC_WARN_UNINITIALIZED_AUTOS = YES_AGGRESSIVE;
				GCC_WARN_UNUSED_FUNCTION = YES;
				GCC_WARN_UNUSED_VARIABLE = YES;
				IPHONEOS_DEPLOYMENT_TARGET = 17.5;
				LOCALIZATION_PREFERS_STRING_CATALOGS = YES;
				MTL_ENABLE_DEBUG_INFO = INCLUDE_SOURCE;
				MTL_FAST_MATH = YES;
				ONLY_ACTIVE_ARCH = YES;
				SDKROOT = iphoneos;
				SWIFT_ACTIVE_COMPILATION_CONDITIONS = "DEBUG $(inherited)";
				SWIFT_OPTIMIZATION_LEVEL = "-Onone";
			};
			name = Debug;
		};
		951778572C32FA930033136A /* Release */ = {
			isa = XCBuildConfiguration;
			buildSettings = {
				ALWAYS_SEARCH_USER_PATHS = NO;
				ASSETCATALOG_COMPILER_GENERATE_SWIFT_ASSET_SYMBOL_EXTENSIONS = YES;
				CLANG_ANALYZER_NONNULL = YES;
				CLANG_ANALYZER_NUMBER_OBJECT_CONVERSION = YES_AGGRESSIVE;
				CLANG_CXX_LANGUAGE_STANDARD = "gnu++20";
				CLANG_ENABLE_MODULES = YES;
				CLANG_ENABLE_OBJC_ARC = YES;
				CLANG_ENABLE_OBJC_WEAK = YES;
				CLANG_WARN_BLOCK_CAPTURE_AUTORELEASING = YES;
				CLANG_WARN_BOOL_CONVERSION = YES;
				CLANG_WARN_COMMA = YES;
				CLANG_WARN_CONSTANT_CONVERSION = YES;
				CLANG_WARN_DEPRECATED_OBJC_IMPLEMENTATIONS = YES;
				CLANG_WARN_DIRECT_OBJC_ISA_USAGE = YES_ERROR;
				CLANG_WARN_DOCUMENTATION_COMMENTS = YES;
				CLANG_WARN_EMPTY_BODY = YES;
				CLANG_WARN_ENUM_CONVERSION = YES;
				CLANG_WARN_INFINITE_RECURSION = YES;
				CLANG_WARN_INT_CONVERSION = YES;
				CLANG_WARN_NON_LITERAL_NULL_CONVERSION = YES;
				CLANG_WARN_OBJC_IMPLICIT_RETAIN_SELF = YES;
				CLANG_WARN_OBJC_LITERAL_CONVERSION = YES;
				CLANG_WARN_OBJC_ROOT_CLASS = YES_ERROR;
				CLANG_WARN_QUOTED_INCLUDE_IN_FRAMEWORK_HEADER = YES;
				CLANG_WARN_RANGE_LOOP_ANALYSIS = YES;
				CLANG_WARN_STRICT_PROTOTYPES = YES;
				CLANG_WARN_SUSPICIOUS_MOVE = YES;
				CLANG_WARN_UNGUARDED_AVAILABILITY = YES_AGGRESSIVE;
				CLANG_WARN_UNREACHABLE_CODE = YES;
				CLANG_WARN__DUPLICATE_METHOD_MATCH = YES;
				COPY_PHASE_STRIP = NO;
				DEBUG_INFORMATION_FORMAT = "dwarf-with-dsym";
				ENABLE_NS_ASSERTIONS = NO;
				ENABLE_STRICT_OBJC_MSGSEND = YES;
				ENABLE_USER_SCRIPT_SANDBOXING = YES;
				GCC_C_LANGUAGE_STANDARD = gnu17;
				GCC_NO_COMMON_BLOCKS = YES;
				GCC_WARN_64_TO_32_BIT_CONVERSION = YES;
				GCC_WARN_ABOUT_RETURN_TYPE = YES_ERROR;
				GCC_WARN_UNDECLARED_SELECTOR = YES;
				GCC_WARN_UNINITIALIZED_AUTOS = YES_AGGRESSIVE;
				GCC_WARN_UNUSED_FUNCTION = YES;
				GCC_WARN_UNUSED_VARIABLE = YES;
				IPHONEOS_DEPLOYMENT_TARGET = 17.5;
				LOCALIZATION_PREFERS_STRING_CATALOGS = YES;
				MTL_ENABLE_DEBUG_INFO = NO;
				MTL_FAST_MATH = YES;
				SDKROOT = iphoneos;
				SWIFT_COMPILATION_MODE = wholemodule;
				VALIDATE_PRODUCT = YES;
			};
			name = Release;
		};
		951778592C32FA930033136A /* Debug */ = {
			isa = XCBuildConfiguration;
			buildSettings = {
				ASSETCATALOG_COMPILER_APPICON_NAME = AppIcon;
				ASSETCATALOG_COMPILER_GLOBAL_ACCENT_COLOR_NAME = AccentColor;
				CODE_SIGN_STYLE = Automatic;
				CURRENT_PROJECT_VERSION = 1;
				DEVELOPMENT_ASSET_PATHS = "\"EchoChat/Preview Content\"";
				DEVELOPMENT_TEAM = DU7ZKD3PP7;
				ENABLE_PREVIEWS = YES;
				GENERATE_INFOPLIST_FILE = YES;
				INFOPLIST_KEY_UIApplicationSceneManifest_Generation = YES;
				INFOPLIST_KEY_UIApplicationSupportsIndirectInputEvents = YES;
				INFOPLIST_KEY_UILaunchScreen_Generation = YES;
				INFOPLIST_KEY_UISupportedInterfaceOrientations_iPad = "UIInterfaceOrientationPortrait UIInterfaceOrientationPortraitUpsideDown UIInterfaceOrientationLandscapeLeft UIInterfaceOrientationLandscapeRight";
				INFOPLIST_KEY_UISupportedInterfaceOrientations_iPhone = "UIInterfaceOrientationPortrait UIInterfaceOrientationLandscapeLeft UIInterfaceOrientationLandscapeRight";
				LD_RUNPATH_SEARCH_PATHS = (
					"$(inherited)",
					"@executable_path/Frameworks",
				);
				MARKETING_VERSION = 1.0;
				PRODUCT_BUNDLE_IDENTIFIER = com.purecreek.Chat;
				PRODUCT_NAME = "$(TARGET_NAME)";
				SWIFT_EMIT_LOC_STRINGS = YES;
				SWIFT_VERSION = 5.0;
				TARGETED_DEVICE_FAMILY = "1,2";
			};
			name = Debug;
		};
		9517785A2C32FA930033136A /* Release */ = {
			isa = XCBuildConfiguration;
			buildSettings = {
				ASSETCATALOG_COMPILER_APPICON_NAME = AppIcon;
				ASSETCATALOG_COMPILER_GLOBAL_ACCENT_COLOR_NAME = AccentColor;
				CODE_SIGN_STYLE = Automatic;
				CURRENT_PROJECT_VERSION = 1;
				DEVELOPMENT_ASSET_PATHS = "\"EchoChat/Preview Content\"";
				DEVELOPMENT_TEAM = DU7ZKD3PP7;
				ENABLE_PREVIEWS = YES;
				GENERATE_INFOPLIST_FILE = YES;
				INFOPLIST_KEY_UIApplicationSceneManifest_Generation = YES;
				INFOPLIST_KEY_UIApplicationSupportsIndirectInputEvents = YES;
				INFOPLIST_KEY_UILaunchScreen_Generation = YES;
				INFOPLIST_KEY_UISupportedInterfaceOrientations_iPad = "UIInterfaceOrientationPortrait UIInterfaceOrientationPortraitUpsideDown UIInterfaceOrientationLandscapeLeft UIInterfaceOrientationLandscapeRight";
				INFOPLIST_KEY_UISupportedInterfaceOrientations_iPhone = "UIInterfaceOrientationPortrait UIInterfaceOrientationLandscapeLeft UIInterfaceOrientationLandscapeRight";
				LD_RUNPATH_SEARCH_PATHS = (
					"$(inherited)",
					"@executable_path/Frameworks",
				);
				MARKETING_VERSION = 1.0;
				PRODUCT_BUNDLE_IDENTIFIER = com.purecreek.Chat;
				PRODUCT_NAME = "$(TARGET_NAME)";
				SWIFT_EMIT_LOC_STRINGS = YES;
				SWIFT_VERSION = 5.0;
				TARGETED_DEVICE_FAMILY = "1,2";
			};
			name = Release;
		};
/* End XCBuildConfiguration section */

/* Begin XCConfigurationList section */
		951778452C32FA920033136A /* Build configuration list for PBXProject "EchoChat" */ = {
			isa = XCConfigurationList;
			buildConfigurations = (
				951778562C32FA930033136A /* Debug */,
				951778572C32FA930033136A /* Release */,
			);
			defaultConfigurationIsVisible = 0;
			defaultConfigurationName = Release;
		};
		951778582C32FA930033136A /* Build configuration list for PBXNativeTarget "EchoChat" */ = {
			isa = XCConfigurationList;
			buildConfigurations = (
				951778592C32FA930033136A /* Debug */,
				9517785A2C32FA930033136A /* Release */,
			);
			defaultConfigurationIsVisible = 0;
			defaultConfigurationName = Release;
		};
/* End XCConfigurationList section */
	};
	rootObject = 951778422C32FA920033136A /* Project object */;
}
